// !$*UTF8*$!
{
	archiveVersion = 1;
	classes = {
	};
	objectVersion = 50;
	objects = {

/* Begin PBXBuildFile section */
		ABADA3B126BC407000509D61 /* AppDelegate.swift in Sources */ = {isa = PBXBuildFile; fileRef = ABADA3B026BC407000509D61 /* AppDelegate.swift */; };
		ABADA3B326BC407000509D61 /* SceneDelegate.swift in Sources */ = {isa = PBXBuildFile; fileRef = ABADA3B226BC407000509D61 /* SceneDelegate.swift */; };
		ABADA3B526BC407000509D61 /* ViewController.swift in Sources */ = {isa = PBXBuildFile; fileRef = ABADA3B426BC407000509D61 /* ViewController.swift */; };
		ABADA3B826BC407000509D61 /* Main.storyboard in Resources */ = {isa = PBXBuildFile; fileRef = ABADA3B626BC407000509D61 /* Main.storyboard */; };
		ABADA3BB26BC407000509D61 /* wwwww.xcdatamodeld in Sources */ = {isa = PBXBuildFile; fileRef = ABADA3B926BC407000509D61 /* wwwww.xcdatamodeld */; };
		ABADA3BD26BC407100509D61 /* Assets.xcassets in Resources */ = {isa = PBXBuildFile; fileRef = ABADA3BC26BC407100509D61 /* Assets.xcassets */; };
		ABADA3C026BC407100509D61 /* LaunchScreen.storyboard in Resources */ = {isa = PBXBuildFile; fileRef = ABADA3BE26BC407100509D61 /* LaunchScreen.storyboard */; };
/* End PBXBuildFile section */

/* Begin PBXFileReference section */
		ABADA3AD26BC407000509D61 /* wwwww.app */ = {isa = PBXFileReference; explicitFileType = wrapper.application; includeInIndex = 0; path = wwwww.app; sourceTree = BUILT_PRODUCTS_DIR; };
		ABADA3B026BC407000509D61 /* AppDelegate.swift */ = {isa = PBXFileReference; lastKnownFileType = sourcecode.swift; path = AppDelegate.swift; sourceTree = "<group>"; };
		ABADA3B226BC407000509D61 /* SceneDelegate.swift */ = {isa = PBXFileReference; lastKnownFileType = sourcecode.swift; path = SceneDelegate.swift; sourceTree = "<group>"; };
		ABADA3B426BC407000509D61 /* ViewController.swift */ = {isa = PBXFileReference; lastKnownFileType = sourcecode.swift; path = ViewController.swift; sourceTree = "<group>"; };
		ABADA3B726BC407000509D61 /* Base */ = {isa = PBXFileReference; lastKnownFileType = file.storyboard; name = Base; path = Base.lproj/Main.storyboard; sourceTree = "<group>"; };
		ABADA3BA26BC407000509D61 /* wwwww.xcdatamodel */ = {isa = PBXFileReference; lastKnownFileType = wrapper.xcdatamodel; path = wwwww.xcdatamodel; sourceTree = "<group>"; };
		ABADA3BC26BC407100509D61 /* Assets.xcassets */ = {isa = PBXFileReference; lastKnownFileType = folder.assetcatalog; path = Assets.xcassets; sourceTree = "<group>"; };
		ABADA3BF26BC407100509D61 /* Base */ = {isa = PBXFileReference; lastKnownFileType = file.storyboard; name = Base; path = Base.lproj/LaunchScreen.storyboard; sourceTree = "<group>"; };
		ABADA3C126BC407100509D61 /* Info.plist */ = {isa = PBXFileReference; lastKnownFileType = text.plist.xml; path = Info.plist; sourceTree = "<group>"; };
/* End PBXFileReference section */

/* Begin PBXFrameworksBuildPhase section */
		ABADA3AA26BC407000509D61 /* Frameworks */ = {
			isa = PBXFrameworksBuildPhase;
			buildActionMask = 2147483647;
			files = (
			);
			runOnlyForDeploymentPostprocessing = 0;
		};
/* End PBXFrameworksBuildPhase section */

/* Begin PBXGroup section */
		ABADA3A426BC407000509D61 = {
			isa = PBXGroup;
			children = (
				ABADA3AF26BC407000509D61 /* wwwww */,
				ABADA3AE26BC407000509D61 /* Products */,
			);
			sourceTree = "<group>";
		};
		ABADA3AE26BC407000509D61 /* Products */ = {
			isa = PBXGroup;
			children = (
				ABADA3AD26BC407000509D61 /* wwwww.app */,
			);
			name = Products;
			sourceTree = "<group>";
		};
		ABADA3AF26BC407000509D61 /* wwwww */ = {
			isa = PBXGroup;
			children = (
				ABADA3B026BC407000509D61 /* AppDelegate.swift */,
				ABADA3B226BC407000509D61 /* SceneDelegate.swift */,
				ABADA3B426BC407000509D61 /* ViewController.swift */,
				ABADA3B626BC407000509D61 /* Main.storyboard */,
				ABADA3BC26BC407100509D61 /* Assets.xcassets */,
				ABADA3BE26BC407100509D61 /* LaunchScreen.storyboard */,
				ABADA3C126BC407100509D61 /* Info.plist */,
				ABADA3B926BC407000509D61 /* wwwww.xcdatamodeld */,
			);
			path = wwwww;
			sourceTree = "<group>";
		};
/* End PBXGroup section */

/* Begin PBXNativeTarget section */
		ABADA3AC26BC407000509D61 /* wwwww */ = {
			isa = PBXNativeTarget;
			buildConfigurationList = ABADA3C426BC407100509D61 /* Build configuration list for PBXNativeTarget "wwwww" */;
			buildPhases = (
				ABADA3A926BC407000509D61 /* Sources */,
				ABADA3AA26BC407000509D61 /* Frameworks */,
				ABADA3AB26BC407000509D61 /* Resources */,
			);
			buildRules = (
			);
			dependencies = (
			);
			name = wwwww;
			productName = wwwww;
			productReference = ABADA3AD26BC407000509D61 /* wwwww.app */;
			productType = "com.apple.product-type.application";
		};
/* End PBXNativeTarget section */

/* Begin PBXProject section */
		ABADA3A526BC407000509D61 /* Project object */ = {
			isa = PBXProject;
			attributes = {
				LastSwiftUpdateCheck = 1250;
				LastUpgradeCheck = 1250;
				TargetAttributes = {
					ABADA3AC26BC407000509D61 = {
						CreatedOnToolsVersion = 12.5.1;
					};
				};
			};
			buildConfigurationList = ABADA3A826BC407000509D61 /* Build configuration list for PBXProject "wwwww" */;
			compatibilityVersion = "Xcode 9.3";
			developmentRegion = en;
			hasScannedForEncodings = 0;
			knownRegions = (
				en,
				Base,
			);
			mainGroup = ABADA3A426BC407000509D61;
			productRefGroup = ABADA3AE26BC407000509D61 /* Products */;
			projectDirPath = "";
			projectRoot = "";
			targets = (
				ABADA3AC26BC407000509D61 /* wwwww */,
			);
		};
/* End PBXProject section */

/* Begin PBXResourcesBuildPhase section */
		ABADA3AB26BC407000509D61 /* Resources */ = {
			isa = PBXResourcesBuildPhase;
			buildActionMask = 2147483647;
			files = (
				ABADA3C026BC407100509D61 /* LaunchScreen.storyboard in Resources */,
				ABADA3BD26BC407100509D61 /* Assets.xcassets in Resources */,
				ABADA3B826BC407000509D61 /* Main.storyboard in Resources */,
			);
			runOnlyForDeploymentPostprocessing = 0;
		};
/* End PBXResourcesBuildPhase section */

/* Begin PBXSourcesBuildPhase section */
		ABADA3A926BC407000509D61 /* Sources */ = {
			isa = PBXSourcesBuildPhase;
			buildActionMask = 2147483647;
			files = (
				ABADA3B526BC407000509D61 /* ViewController.swift in Sources */,
				ABADA3BB26BC407000509D61 /* wwwww.xcdatamodeld in Sources */,
				ABADA3B126BC407000509D61 /* AppDelegate.swift in Sources */,
				ABADA3B326BC407000509D61 /* SceneDelegate.swift in Sources */,
			);
			runOnlyForDeploymentPostprocessing = 0;
		};
/* End PBXSourcesBuildPhase section */

/* Begin PBXVariantGroup section */
		ABADA3B626BC407000509D61 /* Main.storyboard */ = {
			isa = PBXVariantGroup;
			children = (
				ABADA3B726BC407000509D61 /* Base */,
			);
			name = Main.storyboard;
			sourceTree = "<group>";
		};
		ABADA3BE26BC407100509D61 /* LaunchScreen.storyboard */ = {
			isa = PBXVariantGroup;
			children = (
				ABADA3BF26BC407100509D61 /* Base */,
			);
			name = LaunchScreen.storyboard;
			sourceTree = "<group>";
		};
/* End PBXVariantGroup section */

/* Begin XCBuildConfiguration section */
		ABADA3C226BC407100509D61 /* Debug */ = {
			isa = XCBuildConfiguration;
			buildSettings = {
				ALWAYS_SEARCH_USER_PATHS = NO;
				CLANG_ANALYZER_NONNULL = YES;
				CLANG_ANALYZER_NUMBER_OBJECT_CONVERSION = YES_AGGRESSIVE;
				CLANG_CXX_LANGUAGE_STANDARD = "gnu++14";
				CLANG_CXX_LIBRARY = "libc++";
				CLANG_ENABLE_MODULES = YES;
				CLANG_ENABLE_OBJC_ARC = YES;
				CLANG_ENABLE_OBJC_WEAK = YES;
				CLANG_WARN_BLOCK_CAPTURE_AUTORELEASING = YES;
				CLANG_WARN_BOOL_CONVERSION = YES;
				CLANG_WARN_COMMA = YES;
				CLANG_WARN_CONSTANT_CONVERSION = YES;
				CLANG_WARN_DEPRECATED_OBJC_IMPLEMENTATIONS = YES;
				CLANG_WARN_DIRECT_OBJC_ISA_USAGE = YES_ERROR;
				CLANG_WARN_DOCUMENTATION_COMMENTS = YES;
				CLANG_WARN_EMPTY_BODY = YES;
				CLANG_WARN_ENUM_CONVERSION = YES;
				CLANG_WARN_INFINITE_RECURSION = YES;
				CLANG_WARN_INT_CONVERSION = YES;
				CLANG_WARN_NON_LITERAL_NULL_CONVERSION = YES;
				CLANG_WARN_OBJC_IMPLICIT_RETAIN_SELF = YES;
				CLANG_WARN_OBJC_LITERAL_CONVERSION = YES;
				CLANG_WARN_OBJC_ROOT_CLASS = YES_ERROR;
				CLANG_WARN_QUOTED_INCLUDE_IN_FRAMEWORK_HEADER = YES;
				CLANG_WARN_RANGE_LOOP_ANALYSIS = YES;
				CLANG_WARN_STRICT_PROTOTYPES = YES;
				CLANG_WARN_SUSPICIOUS_MOVE = YES;
				CLANG_WARN_UNGUARDED_AVAILABILITY = YES_AGGRESSIVE;
				CLANG_WARN_UNREACHABLE_CODE = YES;
				CLANG_WARN__DUPLICATE_METHOD_MATCH = YES;
				COPY_PHASE_STRIP = NO;
				DEBUG_INFORMATION_FORMAT = dwarf;
				ENABLE_STRICT_OBJC_MSGSEND = YES;
				ENABLE_TESTABILITY = YES;
				GCC_C_LANGUAGE_STANDARD = gnu11;
				GCC_DYNAMIC_NO_PIC = NO;
				GCC_NO_COMMON_BLOCKS = YES;
				GCC_OPTIMIZATION_LEVEL = 0;
				GCC_PREPROCESSOR_DEFINITIONS = (
					"DEBUG=1",
					"$(inherited)",
				);
				GCC_WARN_64_TO_32_BIT_CONVERSION = YES;
				GCC_WARN_ABOUT_RETURN_TYPE = YES_ERROR;
				GCC_WARN_UNDECLARED_SELECTOR = YES;
				GCC_WARN_UNINITIALIZED_AUTOS = YES_AGGRESSIVE;
				GCC_WARN_UNUSED_FUNCTION = YES;
				GCC_WARN_UNUSED_VARIABLE = YES;
				IPHONEOS_DEPLOYMENT_TARGET = 14.5;
				MTL_ENABLE_DEBUG_INFO = INCLUDE_SOURCE;
				MTL_FAST_MATH = YES;
				ONLY_ACTIVE_ARCH = YES;
				SDKROOT = iphoneos;
				SWIFT_ACTIVE_COMPILATION_CONDITIONS = DEBUG;
				SWIFT_OPTIMIZATION_LEVEL = "-Onone";
			};
			name = Debug;
		};
		ABADA3C326BC407100509D61 /* Release */ = {
			isa = XCBuildConfiguration;
			buildSettings = {
				ALWAYS_SEARCH_USER_PATHS = NO;
				CLANG_ANALYZER_NONNULL = YES;
				CLANG_ANALYZER_NUMBER_OBJECT_CONVERSION = YES_AGGRESSIVE;
				CLANG_CXX_LANGUAGE_STANDARD = "gnu++14";
				CLANG_CXX_LIBRARY = "libc++";
				CLANG_ENABLE_MODULES = YES;
				CLANG_ENABLE_OBJC_ARC = YES;
				CLANG_ENABLE_OBJC_WEAK = YES;
				CLANG_WARN_BLOCK_CAPTURE_AUTORELEASING = YES;
				CLANG_WARN_BOOL_CONVERSION = YES;
				CLANG_WARN_COMMA = YES;
				CLANG_WARN_CONSTANT_CONVERSION = YES;
				CLANG_WARN_DEPRECATED_OBJC_IMPLEMENTATIONS = YES;
				CLANG_WARN_DIRECT_OBJC_ISA_USAGE = YES_ERROR;
				CLANG_WARN_DOCUMENTATION_COMMENTS = YES;
				CLANG_WARN_EMPTY_BODY = YES;
				CLANG_WARN_ENUM_CONVERSION = YES;
				CLANG_WARN_INFINITE_RECURSION = YES;
				CLANG_WARN_INT_CONVERSION = YES;
				CLANG_WARN_NON_LITERAL_NULL_CONVERSION = YES;
				CLANG_WARN_OBJC_IMPLICIT_RETAIN_SELF = YES;
				CLANG_WARN_OBJC_LITERAL_CONVERSION = YES;
				CLANG_WARN_OBJC_ROOT_CLASS = YES_ERROR;
				CLANG_WARN_QUOTED_INCLUDE_IN_FRAMEWORK_HEADER = YES;
				CLANG_WARN_RANGE_LOOP_ANALYSIS = YES;
				CLANG_WARN_STRICT_PROTOTYPES = YES;
				CLANG_WARN_SUSPICIOUS_MOVE = YES;
				CLANG_WARN_UNGUARDED_AVAILABILITY = YES_AGGRESSIVE;
				CLANG_WARN_UNREACHABLE_CODE = YES;
				CLANG_WARN__DUPLICATE_METHOD_MATCH = YES;
				COPY_PHASE_STRIP = NO;
				DEBUG_INFORMATION_FORMAT = "dwarf-with-dsym";
				ENABLE_NS_ASSERTIONS = NO;
				ENABLE_STRICT_OBJC_MSGSEND = YES;
				GCC_C_LANGUAGE_STANDARD = gnu11;
				GCC_NO_COMMON_BLOCKS = YES;
				GCC_WARN_64_TO_32_BIT_CONVERSION = YES;
				GCC_WARN_ABOUT_RETURN_TYPE = YES_ERROR;
				GCC_WARN_UNDECLARED_SELECTOR = YES;
				GCC_WARN_UNINITIALIZED_AUTOS = YES_AGGRESSIVE;
				GCC_WARN_UNUSED_FUNCTION = YES;
				GCC_WARN_UNUSED_VARIABLE = YES;
				IPHONEOS_DEPLOYMENT_TARGET = 14.5;
				MTL_ENABLE_DEBUG_INFO = NO;
				MTL_FAST_MATH = YES;
				SDKROOT = iphoneos;
				SWIFT_COMPILATION_MODE = wholemodule;
				SWIFT_OPTIMIZATION_LEVEL = "-O";
				VALIDATE_PRODUCT = YES;
			};
			name = Release;
		};
		ABADA3C526BC407100509D61 /* Debug */ = {
			isa = XCBuildConfiguration;
			buildSettings = {
				ASSETCATALOG_COMPILER_APPICON_NAME = AppIcon;
				ASSETCATALOG_COMPILER_GLOBAL_ACCENT_COLOR_NAME = AccentColor;
				CODE_SIGN_STYLE = Automatic;
				INFOPLIST_FILE = wwwww/Info.plist;
				LD_RUNPATH_SEARCH_PATHS = (
					"$(inherited)",
					"@executable_path/Frameworks",
				);
				PRODUCT_BUNDLE_IDENTIFIER = www.wwwww;
				PRODUCT_NAME = "$(TARGET_NAME)";
				SWIFT_VERSION = 5.0;
				TARGETED_DEVICE_FAMILY = "1,2";
			};
			name = Debug;
		};
		ABADA3C626BC407100509D61 /* Release */ = {
			isa = XCBuildConfiguration;
			buildSettings = {
				ASSETCATALOG_COMPILER_APPICON_NAME = AppIcon;
				ASSETCATALOG_COMPILER_GLOBAL_ACCENT_COLOR_NAME = AccentColor;
				CODE_SIGN_STYLE = Automatic;
				INFOPLIST_FILE = wwwww/Info.plist;
				LD_RUNPATH_SEARCH_PATHS = (
					"$(inherited)",
					"@executable_path/Frameworks",
				);
				PRODUCT_BUNDLE_IDENTIFIER = www.wwwww;
				PRODUCT_NAME = "$(TARGET_NAME)";
				SWIFT_VERSION = 5.0;
				TARGETED_DEVICE_FAMILY = "1,2";
			};
			name = Release;
		};
/* End XCBuildConfiguration section */

/* Begin XCConfigurationList section */
		ABADA3A826BC407000509D61 /* Build configuration list for PBXProject "wwwww" */ = {
			isa = XCConfigurationList;
			buildConfigurations = (
				ABADA3C226BC407100509D61 /* Debug */,
				ABADA3C326BC407100509D61 /* Release */,
			);
			defaultConfigurationIsVisible = 0;
			defaultConfigurationName = Release;
		};
		ABADA3C426BC407100509D61 /* Build configuration list for PBXNativeTarget "wwwww" */ = {
			isa = XCConfigurationList;
			buildConfigurations = (
				ABADA3C526BC407100509D61 /* Debug */,
				ABADA3C626BC407100509D61 /* Release */,
			);
			defaultConfigurationIsVisible = 0;
			defaultConfigurationName = Release;
		};
/* End XCConfigurationList section */

/* Begin XCVersionGroup section */
		ABADA3B926BC407000509D61 /* wwwww.xcdatamodeld */ = {
			isa = XCVersionGroup;
			children = (
				ABADA3BA26BC407000509D61 /* wwwww.xcdatamodel */,
			);
			currentVersion = ABADA3BA26BC407000509D61 /* wwwww.xcdatamodel */;
			path = wwwww.xcdatamodeld;
			sourceTree = "<group>";
			versionGroupType = wrapper.xcdatamodel;
		};
/* End XCVersionGroup section */
	};
	rootObject = ABADA3A526BC407000509D61 /* Project object */;
}
